
Microsoft Visual Studio Solution File, Format Version 12.00
# Visual Studio 14
VisualStudioVersion = 14.0.25420.1
MinimumVisualStudioVersion = 10.0.40219.1
Project("{FAE04EC0-301F-11D3-BF4B-00C04F79EFBC}") = "FutebolAPP.Azure", "FutebolAPP.Azure\FutebolAPP.Azure.csproj", "{D2F763A1-03EA-4470-A63C-BB63D9763BD6}"
EndProject
Project("{FAE04EC0-301F-11D3-BF4B-00C04F79EFBC}") = "FutebolAPP.Load", "FutebolAPP.Load\FutebolAPP.Load.csproj", "{1B27F789-AA9A-4AC5-A8EC-007200307191}"
EndProject
Project("{FAE04EC0-301F-11D3-BF4B-00C04F79EFBC}") = "FutebolAPP.App.Android", "FutebolAPP.App\FutebolAPP.App.Android\FutebolAPP.App.Android.csproj", "{91A4BB5F-09E9-4AEB-8BAB-6597ED65BF88}"
EndProject
Project("{FAE04EC0-301F-11D3-BF4B-00C04F79EFBC}") = "FutebolAPP.App", "FutebolAPP.App\FutebolAPP.App\FutebolAPP.App.csproj", "{8A9B77D7-2852-46FC-81C5-C87FF485EABD}"
EndProject
Project("{FAE04EC0-301F-11D3-BF4B-00C04F79EFBC}") = "FutebolAPP.App.UWP", "FutebolAPP.App\FutebolAPP.App.UWP\FutebolAPP.App.UWP.csproj", "{C35EA1A3-3621-47E8-80AF-1DB5FBADD057}"
EndProject
Project("{FAE04EC0-301F-11D3-BF4B-00C04F79EFBC}") = "FutebolAPP.App.iOS", "FutebolAPP.App\FutebolAPP.App.iOS\FutebolAPP.App.iOS.csproj", "{9D884B1B-AF68-43C6-9F29-AFF448B7B31F}"
EndProject
Global
	GlobalSection(SolutionConfigurationPlatforms) = preSolution
		Ad-Hoc|Any CPU = Ad-Hoc|Any CPU
		Ad-Hoc|ARM = Ad-Hoc|ARM
		Ad-Hoc|iPhone = Ad-Hoc|iPhone
		Ad-Hoc|iPhoneSimulator = Ad-Hoc|iPhoneSimulator
		Ad-Hoc|x64 = Ad-Hoc|x64
		Ad-Hoc|x86 = Ad-Hoc|x86
		AppStore|Any CPU = AppStore|Any CPU
		AppStore|ARM = AppStore|ARM
		AppStore|iPhone = AppStore|iPhone
		AppStore|iPhoneSimulator = AppStore|iPhoneSimulator
		AppStore|x64 = AppStore|x64
		AppStore|x86 = AppStore|x86
		Debug|Any CPU = Debug|Any CPU
		Debug|ARM = Debug|ARM
		Debug|iPhone = Debug|iPhone
		Debug|iPhoneSimulator = Debug|iPhoneSimulator
		Debug|x64 = Debug|x64
		Debug|x86 = Debug|x86
		Release|Any CPU = Release|Any CPU
		Release|ARM = Release|ARM
		Release|iPhone = Release|iPhone
		Release|iPhoneSimulator = Release|iPhoneSimulator
		Release|x64 = Release|x64
		Release|x86 = Release|x86
	EndGlobalSection
	GlobalSection(ProjectConfigurationPlatforms) = postSolution
		{D2F763A1-03EA-4470-A63C-BB63D9763BD6}.Ad-Hoc|Any CPU.ActiveCfg = Release|Any CPU
		{D2F763A1-03EA-4470-A63C-BB63D9763BD6}.Ad-Hoc|Any CPU.Build.0 = Release|Any CPU
		{D2F763A1-03EA-4470-A63C-BB63D9763BD6}.Ad-Hoc|ARM.ActiveCfg = Release|Any CPU
		{D2F763A1-03EA-4470-A63C-BB63D9763BD6}.Ad-Hoc|ARM.Build.0 = Release|Any CPU
		{D2F763A1-03EA-4470-A63C-BB63D9763BD6}.Ad-Hoc|iPhone.ActiveCfg = Release|Any CPU
		{D2F763A1-03EA-4470-A63C-BB63D9763BD6}.Ad-Hoc|iPhone.Build.0 = Release|Any CPU
		{D2F763A1-03EA-4470-A63C-BB63D9763BD6}.Ad-Hoc|iPhoneSimulator.ActiveCfg = Release|Any CPU
		{D2F763A1-03EA-4470-A63C-BB63D9763BD6}.Ad-Hoc|iPhoneSimulator.Build.0 = Release|Any CPU
		{D2F763A1-03EA-4470-A63C-BB63D9763BD6}.Ad-Hoc|x64.ActiveCfg = Release|Any CPU
		{D2F763A1-03EA-4470-A63C-BB63D9763BD6}.Ad-Hoc|x64.Build.0 = Release|Any CPU
		{D2F763A1-03EA-4470-A63C-BB63D9763BD6}.Ad-Hoc|x86.ActiveCfg = Release|Any CPU
		{D2F763A1-03EA-4470-A63C-BB63D9763BD6}.Ad-Hoc|x86.Build.0 = Release|Any CPU
		{D2F763A1-03EA-4470-A63C-BB63D9763BD6}.AppStore|Any CPU.ActiveCfg = Release|Any CPU
		{D2F763A1-03EA-4470-A63C-BB63D9763BD6}.AppStore|Any CPU.Build.0 = Release|Any CPU
		{D2F763A1-03EA-4470-A63C-BB63D9763BD6}.AppStore|ARM.ActiveCfg = Release|Any CPU
		{D2F763A1-03EA-4470-A63C-BB63D9763BD6}.AppStore|ARM.Build.0 = Release|Any CPU
		{D2F763A1-03EA-4470-A63C-BB63D9763BD6}.AppStore|iPhone.ActiveCfg = Release|Any CPU
		{D2F763A1-03EA-4470-A63C-BB63D9763BD6}.AppStore|iPhone.Build.0 = Release|Any CPU
		{D2F763A1-03EA-4470-A63C-BB63D9763BD6}.AppStore|iPhoneSimulator.ActiveCfg = Release|Any CPU
		{D2F763A1-03EA-4470-A63C-BB63D9763BD6}.AppStore|iPhoneSimulator.Build.0 = Release|Any CPU
		{D2F763A1-03EA-4470-A63C-BB63D9763BD6}.AppStore|x64.ActiveCfg = Release|Any CPU
		{D2F763A1-03EA-4470-A63C-BB63D9763BD6}.AppStore|x64.Build.0 = Release|Any CPU
		{D2F763A1-03EA-4470-A63C-BB63D9763BD6}.AppStore|x86.ActiveCfg = Release|Any CPU
		{D2F763A1-03EA-4470-A63C-BB63D9763BD6}.AppStore|x86.Build.0 = Release|Any CPU
		{D2F763A1-03EA-4470-A63C-BB63D9763BD6}.Debug|Any CPU.ActiveCfg = Debug|Any CPU
		{D2F763A1-03EA-4470-A63C-BB63D9763BD6}.Debug|Any CPU.Build.0 = Debug|Any CPU
		{D2F763A1-03EA-4470-A63C-BB63D9763BD6}.Debug|ARM.ActiveCfg = Debug|Any CPU
		{D2F763A1-03EA-4470-A63C-BB63D9763BD6}.Debug|ARM.Build.0 = Debug|Any CPU
		{D2F763A1-03EA-4470-A63C-BB63D9763BD6}.Debug|iPhone.ActiveCfg = Debug|Any CPU
		{D2F763A1-03EA-4470-A63C-BB63D9763BD6}.Debug|iPhone.Build.0 = Debug|Any CPU
		{D2F763A1-03EA-4470-A63C-BB63D9763BD6}.Debug|iPhoneSimulator.ActiveCfg = Debug|Any CPU
		{D2F763A1-03EA-4470-A63C-BB63D9763BD6}.Debug|iPhoneSimulator.Build.0 = Debug|Any CPU
		{D2F763A1-03EA-4470-A63C-BB63D9763BD6}.Debug|x64.ActiveCfg = Debug|Any CPU
		{D2F763A1-03EA-4470-A63C-BB63D9763BD6}.Debug|x64.Build.0 = Debug|Any CPU
		{D2F763A1-03EA-4470-A63C-BB63D9763BD6}.Debug|x86.ActiveCfg = Debug|Any CPU
		{D2F763A1-03EA-4470-A63C-BB63D9763BD6}.Debug|x86.Build.0 = Debug|Any CPU
		{D2F763A1-03EA-4470-A63C-BB63D9763BD6}.Release|Any CPU.ActiveCfg = Release|Any CPU
		{D2F763A1-03EA-4470-A63C-BB63D9763BD6}.Release|Any CPU.Build.0 = Release|Any CPU
		{D2F763A1-03EA-4470-A63C-BB63D9763BD6}.Release|ARM.ActiveCfg = Release|Any CPU
		{D2F763A1-03EA-4470-A63C-BB63D9763BD6}.Release|ARM.Build.0 = Release|Any CPU
		{D2F763A1-03EA-4470-A63C-BB63D9763BD6}.Release|iPhone.ActiveCfg = Release|Any CPU
		{D2F763A1-03EA-4470-A63C-BB63D9763BD6}.Release|iPhone.Build.0 = Release|Any CPU
		{D2F763A1-03EA-4470-A63C-BB63D9763BD6}.Release|iPhoneSimulator.ActiveCfg = Release|Any CPU
		{D2F763A1-03EA-4470-A63C-BB63D9763BD6}.Release|iPhoneSimulator.Build.0 = Release|Any CPU
		{D2F763A1-03EA-4470-A63C-BB63D9763BD6}.Release|x64.ActiveCfg = Release|Any CPU
		{D2F763A1-03EA-4470-A63C-BB63D9763BD6}.Release|x64.Build.0 = Release|Any CPU
		{D2F763A1-03EA-4470-A63C-BB63D9763BD6}.Release|x86.ActiveCfg = Release|Any CPU
		{D2F763A1-03EA-4470-A63C-BB63D9763BD6}.Release|x86.Build.0 = Release|Any CPU
		{1B27F789-AA9A-4AC5-A8EC-007200307191}.Ad-Hoc|Any CPU.ActiveCfg = Release|Any CPU
		{1B27F789-AA9A-4AC5-A8EC-007200307191}.Ad-Hoc|Any CPU.Build.0 = Release|Any CPU
		{1B27F789-AA9A-4AC5-A8EC-007200307191}.Ad-Hoc|ARM.ActiveCfg = Release|Any CPU
		{1B27F789-AA9A-4AC5-A8EC-007200307191}.Ad-Hoc|ARM.Build.0 = Release|Any CPU
		{1B27F789-AA9A-4AC5-A8EC-007200307191}.Ad-Hoc|iPhone.ActiveCfg = Release|Any CPU
		{1B27F789-AA9A-4AC5-A8EC-007200307191}.Ad-Hoc|iPhone.Build.0 = Release|Any CPU
		{1B27F789-AA9A-4AC5-A8EC-007200307191}.Ad-Hoc|iPhoneSimulator.ActiveCfg = Release|Any CPU
		{1B27F789-AA9A-4AC5-A8EC-007200307191}.Ad-Hoc|iPhoneSimulator.Build.0 = Release|Any CPU
		{1B27F789-AA9A-4AC5-A8EC-007200307191}.Ad-Hoc|x64.ActiveCfg = Release|Any CPU
		{1B27F789-AA9A-4AC5-A8EC-007200307191}.Ad-Hoc|x64.Build.0 = Release|Any CPU
		{1B27F789-AA9A-4AC5-A8EC-007200307191}.Ad-Hoc|x86.ActiveCfg = Release|Any CPU
		{1B27F789-AA9A-4AC5-A8EC-007200307191}.Ad-Hoc|x86.Build.0 = Release|Any CPU
		{1B27F789-AA9A-4AC5-A8EC-007200307191}.AppStore|Any CPU.ActiveCfg = Release|Any CPU
		{1B27F789-AA9A-4AC5-A8EC-007200307191}.AppStore|Any CPU.Build.0 = Release|Any CPU
		{1B27F789-AA9A-4AC5-A8EC-007200307191}.AppStore|ARM.ActiveCfg = Release|Any CPU
		{1B27F789-AA9A-4AC5-A8EC-007200307191}.AppStore|ARM.Build.0 = Release|Any CPU
		{1B27F789-AA9A-4AC5-A8EC-007200307191}.AppStore|iPhone.ActiveCfg = Release|Any CPU
		{1B27F789-AA9A-4AC5-A8EC-007200307191}.AppStore|iPhone.Build.0 = Release|Any CPU
		{1B27F789-AA9A-4AC5-A8EC-007200307191}.AppStore|iPhoneSimulator.ActiveCfg = Release|Any CPU
		{1B27F789-AA9A-4AC5-A8EC-007200307191}.AppStore|iPhoneSimulator.Build.0 = Release|Any CPU
		{1B27F789-AA9A-4AC5-A8EC-007200307191}.AppStore|x64.ActiveCfg = Release|Any CPU
		{1B27F789-AA9A-4AC5-A8EC-007200307191}.AppStore|x64.Build.0 = Release|Any CPU
		{1B27F789-AA9A-4AC5-A8EC-007200307191}.AppStore|x86.ActiveCfg = Release|Any CPU
		{1B27F789-AA9A-4AC5-A8EC-007200307191}.AppStore|x86.Build.0 = Release|Any CPU
		{1B27F789-AA9A-4AC5-A8EC-007200307191}.Debug|Any CPU.ActiveCfg = Debug|Any CPU
		{1B27F789-AA9A-4AC5-A8EC-007200307191}.Debug|Any CPU.Build.0 = Debug|Any CPU
		{1B27F789-AA9A-4AC5-A8EC-007200307191}.Debug|ARM.ActiveCfg = Debug|Any CPU
		{1B27F789-AA9A-4AC5-A8EC-007200307191}.Debug|ARM.Build.0 = Debug|Any CPU
		{1B27F789-AA9A-4AC5-A8EC-007200307191}.Debug|iPhone.ActiveCfg = Debug|Any CPU
		{1B27F789-AA9A-4AC5-A8EC-007200307191}.Debug|iPhone.Build.0 = Debug|Any CPU
		{1B27F789-AA9A-4AC5-A8EC-007200307191}.Debug|iPhoneSimulator.ActiveCfg = Debug|Any CPU
		{1B27F789-AA9A-4AC5-A8EC-007200307191}.Debug|iPhoneSimulator.Build.0 = Debug|Any CPU
		{1B27F789-AA9A-4AC5-A8EC-007200307191}.Debug|x64.ActiveCfg = Debug|Any CPU
		{1B27F789-AA9A-4AC5-A8EC-007200307191}.Debug|x64.Build.0 = Debug|Any CPU
		{1B27F789-AA9A-4AC5-A8EC-007200307191}.Debug|x86.ActiveCfg = Debug|Any CPU
		{1B27F789-AA9A-4AC5-A8EC-007200307191}.Debug|x86.Build.0 = Debug|Any CPU
		{1B27F789-AA9A-4AC5-A8EC-007200307191}.Release|Any CPU.ActiveCfg = Release|Any CPU
		{1B27F789-AA9A-4AC5-A8EC-007200307191}.Release|Any CPU.Build.0 = Release|Any CPU
		{1B27F789-AA9A-4AC5-A8EC-007200307191}.Release|ARM.ActiveCfg = Release|Any CPU
		{1B27F789-AA9A-4AC5-A8EC-007200307191}.Release|ARM.Build.0 = Release|Any CPU
		{1B27F789-AA9A-4AC5-A8EC-007200307191}.Release|iPhone.ActiveCfg = Release|Any CPU
		{1B27F789-AA9A-4AC5-A8EC-007200307191}.Release|iPhone.Build.0 = Release|Any CPU
		{1B27F789-AA9A-4AC5-A8EC-007200307191}.Release|iPhoneSimulator.ActiveCfg = Release|Any CPU
		{1B27F789-AA9A-4AC5-A8EC-007200307191}.Release|iPhoneSimulator.Build.0 = Release|Any CPU
		{1B27F789-AA9A-4AC5-A8EC-007200307191}.Release|x64.ActiveCfg = Release|Any CPU
		{1B27F789-AA9A-4AC5-A8EC-007200307191}.Release|x64.Build.0 = Release|Any CPU
		{1B27F789-AA9A-4AC5-A8EC-007200307191}.Release|x86.ActiveCfg = Release|Any CPU
		{1B27F789-AA9A-4AC5-A8EC-007200307191}.Release|x86.Build.0 = Release|Any CPU
		{91A4BB5F-09E9-4AEB-8BAB-6597ED65BF88}.Ad-Hoc|Any CPU.ActiveCfg = Release|Any CPU
		{91A4BB5F-09E9-4AEB-8BAB-6597ED65BF88}.Ad-Hoc|Any CPU.Build.0 = Release|Any CPU
		{91A4BB5F-09E9-4AEB-8BAB-6597ED65BF88}.Ad-Hoc|Any CPU.Deploy.0 = Release|Any CPU
		{91A4BB5F-09E9-4AEB-8BAB-6597ED65BF88}.Ad-Hoc|ARM.ActiveCfg = Release|Any CPU
		{91A4BB5F-09E9-4AEB-8BAB-6597ED65BF88}.Ad-Hoc|ARM.Build.0 = Release|Any CPU
		{91A4BB5F-09E9-4AEB-8BAB-6597ED65BF88}.Ad-Hoc|ARM.Deploy.0 = Release|Any CPU
		{91A4BB5F-09E9-4AEB-8BAB-6597ED65BF88}.Ad-Hoc|iPhone.ActiveCfg = Release|Any CPU
		{91A4BB5F-09E9-4AEB-8BAB-6597ED65BF88}.Ad-Hoc|iPhone.Build.0 = Release|Any CPU
		{91A4BB5F-09E9-4AEB-8BAB-6597ED65BF88}.Ad-Hoc|iPhone.Deploy.0 = Release|Any CPU
		{91A4BB5F-09E9-4AEB-8BAB-6597ED65BF88}.Ad-Hoc|iPhoneSimulator.ActiveCfg = Release|Any CPU
		{91A4BB5F-09E9-4AEB-8BAB-6597ED65BF88}.Ad-Hoc|iPhoneSimulator.Build.0 = Release|Any CPU
		{91A4BB5F-09E9-4AEB-8BAB-6597ED65BF88}.Ad-Hoc|iPhoneSimulator.Deploy.0 = Release|Any CPU
		{91A4BB5F-09E9-4AEB-8BAB-6597ED65BF88}.Ad-Hoc|x64.ActiveCfg = Release|Any CPU
		{91A4BB5F-09E9-4AEB-8BAB-6597ED65BF88}.Ad-Hoc|x64.Build.0 = Release|Any CPU
		{91A4BB5F-09E9-4AEB-8BAB-6597ED65BF88}.Ad-Hoc|x64.Deploy.0 = Release|Any CPU
		{91A4BB5F-09E9-4AEB-8BAB-6597ED65BF88}.Ad-Hoc|x86.ActiveCfg = Release|Any CPU
		{91A4BB5F-09E9-4AEB-8BAB-6597ED65BF88}.Ad-Hoc|x86.Build.0 = Release|Any CPU
		{91A4BB5F-09E9-4AEB-8BAB-6597ED65BF88}.Ad-Hoc|x86.Deploy.0 = Release|Any CPU
		{91A4BB5F-09E9-4AEB-8BAB-6597ED65BF88}.AppStore|Any CPU.ActiveCfg = Release|Any CPU
		{91A4BB5F-09E9-4AEB-8BAB-6597ED65BF88}.AppStore|Any CPU.Build.0 = Release|Any CPU
		{91A4BB5F-09E9-4AEB-8BAB-6597ED65BF88}.AppStore|Any CPU.Deploy.0 = Release|Any CPU
		{91A4BB5F-09E9-4AEB-8BAB-6597ED65BF88}.AppStore|ARM.ActiveCfg = Release|Any CPU
		{91A4BB5F-09E9-4AEB-8BAB-6597ED65BF88}.AppStore|ARM.Build.0 = Release|Any CPU
		{91A4BB5F-09E9-4AEB-8BAB-6597ED65BF88}.AppStore|ARM.Deploy.0 = Release|Any CPU
		{91A4BB5F-09E9-4AEB-8BAB-6597ED65BF88}.AppStore|iPhone.ActiveCfg = Release|Any CPU
		{91A4BB5F-09E9-4AEB-8BAB-6597ED65BF88}.AppStore|iPhone.Build.0 = Release|Any CPU
		{91A4BB5F-09E9-4AEB-8BAB-6597ED65BF88}.AppStore|iPhone.Deploy.0 = Release|Any CPU
		{91A4BB5F-09E9-4AEB-8BAB-6597ED65BF88}.AppStore|iPhoneSimulator.ActiveCfg = Release|Any CPU
		{91A4BB5F-09E9-4AEB-8BAB-6597ED65BF88}.AppStore|iPhoneSimulator.Build.0 = Release|Any CPU
		{91A4BB5F-09E9-4AEB-8BAB-6597ED65BF88}.AppStore|iPhoneSimulator.Deploy.0 = Release|Any CPU
		{91A4BB5F-09E9-4AEB-8BAB-6597ED65BF88}.AppStore|x64.ActiveCfg = Release|Any CPU
		{91A4BB5F-09E9-4AEB-8BAB-6597ED65BF88}.AppStore|x64.Build.0 = Release|Any CPU
		{91A4BB5F-09E9-4AEB-8BAB-6597ED65BF88}.AppStore|x64.Deploy.0 = Release|Any CPU
		{91A4BB5F-09E9-4AEB-8BAB-6597ED65BF88}.AppStore|x86.ActiveCfg = Release|Any CPU
		{91A4BB5F-09E9-4AEB-8BAB-6597ED65BF88}.AppStore|x86.Build.0 = Release|Any CPU
		{91A4BB5F-09E9-4AEB-8BAB-6597ED65BF88}.AppStore|x86.Deploy.0 = Release|Any CPU
		{91A4BB5F-09E9-4AEB-8BAB-6597ED65BF88}.Debug|Any CPU.ActiveCfg = Debug|Any CPU
		{91A4BB5F-09E9-4AEB-8BAB-6597ED65BF88}.Debug|Any CPU.Build.0 = Debug|Any CPU
		{91A4BB5F-09E9-4AEB-8BAB-6597ED65BF88}.Debug|Any CPU.Deploy.0 = Debug|Any CPU
		{91A4BB5F-09E9-4AEB-8BAB-6597ED65BF88}.Debug|ARM.ActiveCfg = Debug|Any CPU
		{91A4BB5F-09E9-4AEB-8BAB-6597ED65BF88}.Debug|ARM.Build.0 = Debug|Any CPU
		{91A4BB5F-09E9-4AEB-8BAB-6597ED65BF88}.Debug|ARM.Deploy.0 = Debug|Any CPU
		{91A4BB5F-09E9-4AEB-8BAB-6597ED65BF88}.Debug|iPhone.ActiveCfg = Debug|Any CPU
		{91A4BB5F-09E9-4AEB-8BAB-6597ED65BF88}.Debug|iPhone.Build.0 = Debug|Any CPU
		{91A4BB5F-09E9-4AEB-8BAB-6597ED65BF88}.Debug|iPhone.Deploy.0 = Debug|Any CPU
		{91A4BB5F-09E9-4AEB-8BAB-6597ED65BF88}.Debug|iPhoneSimulator.ActiveCfg = Debug|Any CPU
		{91A4BB5F-09E9-4AEB-8BAB-6597ED65BF88}.Debug|iPhoneSimulator.Build.0 = Debug|Any CPU
		{91A4BB5F-09E9-4AEB-8BAB-6597ED65BF88}.Debug|iPhoneSimulator.Deploy.0 = Debug|Any CPU
		{91A4BB5F-09E9-4AEB-8BAB-6597ED65BF88}.Debug|x64.ActiveCfg = Debug|Any CPU
		{91A4BB5F-09E9-4AEB-8BAB-6597ED65BF88}.Debug|x64.Build.0 = Debug|Any CPU
		{91A4BB5F-09E9-4AEB-8BAB-6597ED65BF88}.Debug|x64.Deploy.0 = Debug|Any CPU
		{91A4BB5F-09E9-4AEB-8BAB-6597ED65BF88}.Debug|x86.ActiveCfg = Debug|Any CPU
		{91A4BB5F-09E9-4AEB-8BAB-6597ED65BF88}.Debug|x86.Build.0 = Debug|Any CPU
		{91A4BB5F-09E9-4AEB-8BAB-6597ED65BF88}.Debug|x86.Deploy.0 = Debug|Any CPU
		{91A4BB5F-09E9-4AEB-8BAB-6597ED65BF88}.Release|Any CPU.ActiveCfg = Release|Any CPU
		{91A4BB5F-09E9-4AEB-8BAB-6597ED65BF88}.Release|Any CPU.Build.0 = Release|Any CPU
		{91A4BB5F-09E9-4AEB-8BAB-6597ED65BF88}.Release|Any CPU.Deploy.0 = Release|Any CPU
		{91A4BB5F-09E9-4AEB-8BAB-6597ED65BF88}.Release|ARM.ActiveCfg = Release|Any CPU
		{91A4BB5F-09E9-4AEB-8BAB-6597ED65BF88}.Release|ARM.Build.0 = Release|Any CPU
		{91A4BB5F-09E9-4AEB-8BAB-6597ED65BF88}.Release|ARM.Deploy.0 = Release|Any CPU
		{91A4BB5F-09E9-4AEB-8BAB-6597ED65BF88}.Release|iPhone.ActiveCfg = Release|Any CPU
		{91A4BB5F-09E9-4AEB-8BAB-6597ED65BF88}.Release|iPhone.Build.0 = Release|Any CPU
		{91A4BB5F-09E9-4AEB-8BAB-6597ED65BF88}.Release|iPhone.Deploy.0 = Release|Any CPU
		{91A4BB5F-09E9-4AEB-8BAB-6597ED65BF88}.Release|iPhoneSimulator.ActiveCfg = Release|Any CPU
		{91A4BB5F-09E9-4AEB-8BAB-6597ED65BF88}.Release|iPhoneSimulator.Build.0 = Release|Any CPU
		{91A4BB5F-09E9-4AEB-8BAB-6597ED65BF88}.Release|iPhoneSimulator.Deploy.0 = Release|Any CPU
		{91A4BB5F-09E9-4AEB-8BAB-6597ED65BF88}.Release|x64.ActiveCfg = Release|Any CPU
		{91A4BB5F-09E9-4AEB-8BAB-6597ED65BF88}.Release|x64.Build.0 = Release|Any CPU
		{91A4BB5F-09E9-4AEB-8BAB-6597ED65BF88}.Release|x64.Deploy.0 = Release|Any CPU
		{91A4BB5F-09E9-4AEB-8BAB-6597ED65BF88}.Release|x86.ActiveCfg = Release|Any CPU
		{91A4BB5F-09E9-4AEB-8BAB-6597ED65BF88}.Release|x86.Build.0 = Release|Any CPU
		{91A4BB5F-09E9-4AEB-8BAB-6597ED65BF88}.Release|x86.Deploy.0 = Release|Any CPU
		{8A9B77D7-2852-46FC-81C5-C87FF485EABD}.Ad-Hoc|Any CPU.ActiveCfg = Release|Any CPU
		{8A9B77D7-2852-46FC-81C5-C87FF485EABD}.Ad-Hoc|Any CPU.Build.0 = Release|Any CPU
		{8A9B77D7-2852-46FC-81C5-C87FF485EABD}.Ad-Hoc|ARM.ActiveCfg = Release|Any CPU
		{8A9B77D7-2852-46FC-81C5-C87FF485EABD}.Ad-Hoc|ARM.Build.0 = Release|Any CPU
		{8A9B77D7-2852-46FC-81C5-C87FF485EABD}.Ad-Hoc|iPhone.ActiveCfg = Release|Any CPU
		{8A9B77D7-2852-46FC-81C5-C87FF485EABD}.Ad-Hoc|iPhone.Build.0 = Release|Any CPU
		{8A9B77D7-2852-46FC-81C5-C87FF485EABD}.Ad-Hoc|iPhoneSimulator.ActiveCfg = Release|Any CPU
		{8A9B77D7-2852-46FC-81C5-C87FF485EABD}.Ad-Hoc|iPhoneSimulator.Build.0 = Release|Any CPU
		{8A9B77D7-2852-46FC-81C5-C87FF485EABD}.Ad-Hoc|x64.ActiveCfg = Release|Any CPU
		{8A9B77D7-2852-46FC-81C5-C87FF485EABD}.Ad-Hoc|x64.Build.0 = Release|Any CPU
		{8A9B77D7-2852-46FC-81C5-C87FF485EABD}.Ad-Hoc|x86.ActiveCfg = Release|Any CPU
		{8A9B77D7-2852-46FC-81C5-C87FF485EABD}.Ad-Hoc|x86.Build.0 = Release|Any CPU
		{8A9B77D7-2852-46FC-81C5-C87FF485EABD}.AppStore|Any CPU.ActiveCfg = Release|Any CPU
		{8A9B77D7-2852-46FC-81C5-C87FF485EABD}.AppStore|Any CPU.Build.0 = Release|Any CPU
		{8A9B77D7-2852-46FC-81C5-C87FF485EABD}.AppStore|ARM.ActiveCfg = Release|Any CPU
		{8A9B77D7-2852-46FC-81C5-C87FF485EABD}.AppStore|ARM.Build.0 = Release|Any CPU
		{8A9B77D7-2852-46FC-81C5-C87FF485EABD}.AppStore|iPhone.ActiveCfg = Release|Any CPU
		{8A9B77D7-2852-46FC-81C5-C87FF485EABD}.AppStore|iPhone.Build.0 = Release|Any CPU
		{8A9B77D7-2852-46FC-81C5-C87FF485EABD}.AppStore|iPhoneSimulator.ActiveCfg = Release|Any CPU
		{8A9B77D7-2852-46FC-81C5-C87FF485EABD}.AppStore|iPhoneSimulator.Build.0 = Release|Any CPU
		{8A9B77D7-2852-46FC-81C5-C87FF485EABD}.AppStore|x64.ActiveCfg = Release|Any CPU
		{8A9B77D7-2852-46FC-81C5-C87FF485EABD}.AppStore|x64.Build.0 = Release|Any CPU
		{8A9B77D7-2852-46FC-81C5-C87FF485EABD}.AppStore|x86.ActiveCfg = Release|Any CPU
		{8A9B77D7-2852-46FC-81C5-C87FF485EABD}.AppStore|x86.Build.0 = Release|Any CPU
		{8A9B77D7-2852-46FC-81C5-C87FF485EABD}.Debug|Any CPU.ActiveCfg = Debug|Any CPU
		{8A9B77D7-2852-46FC-81C5-C87FF485EABD}.Debug|Any CPU.Build.0 = Debug|Any CPU
		{8A9B77D7-2852-46FC-81C5-C87FF485EABD}.Debug|ARM.ActiveCfg = Debug|Any CPU
		{8A9B77D7-2852-46FC-81C5-C87FF485EABD}.Debug|ARM.Build.0 = Debug|Any CPU
		{8A9B77D7-2852-46FC-81C5-C87FF485EABD}.Debug|iPhone.ActiveCfg = Debug|Any CPU
		{8A9B77D7-2852-46FC-81C5-C87FF485EABD}.Debug|iPhone.Build.0 = Debug|Any CPU
		{8A9B77D7-2852-46FC-81C5-C87FF485EABD}.Debug|iPhoneSimulator.ActiveCfg = Debug|Any CPU
		{8A9B77D7-2852-46FC-81C5-C87FF485EABD}.Debug|iPhoneSimulator.Build.0 = Debug|Any CPU
		{8A9B77D7-2852-46FC-81C5-C87FF485EABD}.Debug|x64.ActiveCfg = Debug|Any CPU
		{8A9B77D7-2852-46FC-81C5-C87FF485EABD}.Debug|x64.Build.0 = Debug|Any CPU
		{8A9B77D7-2852-46FC-81C5-C87FF485EABD}.Debug|x86.ActiveCfg = Debug|Any CPU
		{8A9B77D7-2852-46FC-81C5-C87FF485EABD}.Debug|x86.Build.0 = Debug|Any CPU
		{8A9B77D7-2852-46FC-81C5-C87FF485EABD}.Release|Any CPU.ActiveCfg = Release|Any CPU
		{8A9B77D7-2852-46FC-81C5-C87FF485EABD}.Release|Any CPU.Build.0 = Release|Any CPU
		{8A9B77D7-2852-46FC-81C5-C87FF485EABD}.Release|ARM.ActiveCfg = Release|Any CPU
		{8A9B77D7-2852-46FC-81C5-C87FF485EABD}.Release|ARM.Build.0 = Release|Any CPU
		{8A9B77D7-2852-46FC-81C5-C87FF485EABD}.Release|iPhone.ActiveCfg = Release|Any CPU
		{8A9B77D7-2852-46FC-81C5-C87FF485EABD}.Release|iPhone.Build.0 = Release|Any CPU
		{8A9B77D7-2852-46FC-81C5-C87FF485EABD}.Release|iPhoneSimulator.ActiveCfg = Release|Any CPU
		{8A9B77D7-2852-46FC-81C5-C87FF485EABD}.Release|iPhoneSimulator.Build.0 = Release|Any CPU
		{8A9B77D7-2852-46FC-81C5-C87FF485EABD}.Release|x64.ActiveCfg = Release|Any CPU
		{8A9B77D7-2852-46FC-81C5-C87FF485EABD}.Release|x64.Build.0 = Release|Any CPU
		{8A9B77D7-2852-46FC-81C5-C87FF485EABD}.Release|x86.ActiveCfg = Release|Any CPU
		{8A9B77D7-2852-46FC-81C5-C87FF485EABD}.Release|x86.Build.0 = Release|Any CPU
		{C35EA1A3-3621-47E8-80AF-1DB5FBADD057}.Ad-Hoc|Any CPU.ActiveCfg = Release|x86
		{C35EA1A3-3621-47E8-80AF-1DB5FBADD057}.Ad-Hoc|Any CPU.Build.0 = Release|x86
		{C35EA1A3-3621-47E8-80AF-1DB5FBADD057}.Ad-Hoc|Any CPU.Deploy.0 = Release|x86
		{C35EA1A3-3621-47E8-80AF-1DB5FBADD057}.Ad-Hoc|ARM.ActiveCfg = Release|ARM
		{C35EA1A3-3621-47E8-80AF-1DB5FBADD057}.Ad-Hoc|ARM.Build.0 = Release|ARM
		{C35EA1A3-3621-47E8-80AF-1DB5FBADD057}.Ad-Hoc|ARM.Deploy.0 = Release|ARM
		{C35EA1A3-3621-47E8-80AF-1DB5FBADD057}.Ad-Hoc|iPhone.ActiveCfg = Release|x86
		{C35EA1A3-3621-47E8-80AF-1DB5FBADD057}.Ad-Hoc|iPhone.Build.0 = Release|x86
		{C35EA1A3-3621-47E8-80AF-1DB5FBADD057}.Ad-Hoc|iPhone.Deploy.0 = Release|x86
		{C35EA1A3-3621-47E8-80AF-1DB5FBADD057}.Ad-Hoc|iPhoneSimulator.ActiveCfg = Release|x86
		{C35EA1A3-3621-47E8-80AF-1DB5FBADD057}.Ad-Hoc|iPhoneSimulator.Build.0 = Release|x86
		{C35EA1A3-3621-47E8-80AF-1DB5FBADD057}.Ad-Hoc|iPhoneSimulator.Deploy.0 = Release|x86
		{C35EA1A3-3621-47E8-80AF-1DB5FBADD057}.Ad-Hoc|x64.ActiveCfg = Release|x64
		{C35EA1A3-3621-47E8-80AF-1DB5FBADD057}.Ad-Hoc|x64.Build.0 = Release|x64
		{C35EA1A3-3621-47E8-80AF-1DB5FBADD057}.Ad-Hoc|x64.Deploy.0 = Release|x64
		{C35EA1A3-3621-47E8-80AF-1DB5FBADD057}.Ad-Hoc|x86.ActiveCfg = Release|x86
		{C35EA1A3-3621-47E8-80AF-1DB5FBADD057}.Ad-Hoc|x86.Build.0 = Release|x86
		{C35EA1A3-3621-47E8-80AF-1DB5FBADD057}.Ad-Hoc|x86.Deploy.0 = Release|x86
		{C35EA1A3-3621-47E8-80AF-1DB5FBADD057}.AppStore|Any CPU.ActiveCfg = Release|x86
		{C35EA1A3-3621-47E8-80AF-1DB5FBADD057}.AppStore|Any CPU.Build.0 = Release|x86
		{C35EA1A3-3621-47E8-80AF-1DB5FBADD057}.AppStore|Any CPU.Deploy.0 = Release|x86
		{C35EA1A3-3621-47E8-80AF-1DB5FBADD057}.AppStore|ARM.ActiveCfg = Release|ARM
		{C35EA1A3-3621-47E8-80AF-1DB5FBADD057}.AppStore|ARM.Build.0 = Release|ARM
		{C35EA1A3-3621-47E8-80AF-1DB5FBADD057}.AppStore|ARM.Deploy.0 = Release|ARM
		{C35EA1A3-3621-47E8-80AF-1DB5FBADD057}.AppStore|iPhone.ActiveCfg = Release|x86
		{C35EA1A3-3621-47E8-80AF-1DB5FBADD057}.AppStore|iPhone.Build.0 = Release|x86
		{C35EA1A3-3621-47E8-80AF-1DB5FBADD057}.AppStore|iPhone.Deploy.0 = Release|x86
		{C35EA1A3-3621-47E8-80AF-1DB5FBADD057}.AppStore|iPhoneSimulator.ActiveCfg = Release|x86
		{C35EA1A3-3621-47E8-80AF-1DB5FBADD057}.AppStore|iPhoneSimulator.Build.0 = Release|x86
		{C35EA1A3-3621-47E8-80AF-1DB5FBADD057}.AppStore|iPhoneSimulator.Deploy.0 = Release|x86
		{C35EA1A3-3621-47E8-80AF-1DB5FBADD057}.AppStore|x64.ActiveCfg = Release|x64
		{C35EA1A3-3621-47E8-80AF-1DB5FBADD057}.AppStore|x64.Build.0 = Release|x64
		{C35EA1A3-3621-47E8-80AF-1DB5FBADD057}.AppStore|x64.Deploy.0 = Release|x64
		{C35EA1A3-3621-47E8-80AF-1DB5FBADD057}.AppStore|x86.ActiveCfg = Release|x86
		{C35EA1A3-3621-47E8-80AF-1DB5FBADD057}.AppStore|x86.Build.0 = Release|x86
		{C35EA1A3-3621-47E8-80AF-1DB5FBADD057}.AppStore|x86.Deploy.0 = Release|x86
		{C35EA1A3-3621-47E8-80AF-1DB5FBADD057}.Debug|Any CPU.ActiveCfg = Debug|x86
		{C35EA1A3-3621-47E8-80AF-1DB5FBADD057}.Debug|ARM.ActiveCfg = Debug|ARM
		{C35EA1A3-3621-47E8-80AF-1DB5FBADD057}.Debug|ARM.Build.0 = Debug|ARM
		{C35EA1A3-3621-47E8-80AF-1DB5FBADD057}.Debug|ARM.Deploy.0 = Debug|ARM
		{C35EA1A3-3621-47E8-80AF-1DB5FBADD057}.Debug|iPhone.ActiveCfg = Debug|x86
		{C35EA1A3-3621-47E8-80AF-1DB5FBADD057}.Debug|iPhoneSimulator.ActiveCfg = Debug|x86
		{C35EA1A3-3621-47E8-80AF-1DB5FBADD057}.Debug|x64.ActiveCfg = Debug|x64
		{C35EA1A3-3621-47E8-80AF-1DB5FBADD057}.Debug|x64.Build.0 = Debug|x64
		{C35EA1A3-3621-47E8-80AF-1DB5FBADD057}.Debug|x64.Deploy.0 = Debug|x64
		{C35EA1A3-3621-47E8-80AF-1DB5FBADD057}.Debug|x86.ActiveCfg = Debug|x86
		{C35EA1A3-3621-47E8-80AF-1DB5FBADD057}.Debug|x86.Build.0 = Debug|x86
		{C35EA1A3-3621-47E8-80AF-1DB5FBADD057}.Debug|x86.Deploy.0 = Debug|x86
		{C35EA1A3-3621-47E8-80AF-1DB5FBADD057}.Release|Any CPU.ActiveCfg = Release|x86
		{C35EA1A3-3621-47E8-80AF-1DB5FBADD057}.Release|ARM.ActiveCfg = Release|ARM
		{C35EA1A3-3621-47E8-80AF-1DB5FBADD057}.Release|ARM.Build.0 = Release|ARM
		{C35EA1A3-3621-47E8-80AF-1DB5FBADD057}.Release|ARM.Deploy.0 = Release|ARM
		{C35EA1A3-3621-47E8-80AF-1DB5FBADD057}.Release|iPhone.ActiveCfg = Release|x86
		{C35EA1A3-3621-47E8-80AF-1DB5FBADD057}.Release|iPhoneSimulator.ActiveCfg = Release|x86
		{C35EA1A3-3621-47E8-80AF-1DB5FBADD057}.Release|x64.ActiveCfg = Release|x64
		{C35EA1A3-3621-47E8-80AF-1DB5FBADD057}.Release|x64.Build.0 = Release|x64
		{C35EA1A3-3621-47E8-80AF-1DB5FBADD057}.Release|x64.Deploy.0 = Release|x64
		{C35EA1A3-3621-47E8-80AF-1DB5FBADD057}.Release|x86.ActiveCfg = Release|x86
		{C35EA1A3-3621-47E8-80AF-1DB5FBADD057}.Release|x86.Build.0 = Release|x86
		{C35EA1A3-3621-47E8-80AF-1DB5FBADD057}.Release|x86.Deploy.0 = Release|x86
		{9D884B1B-AF68-43C6-9F29-AFF448B7B31F}.Ad-Hoc|Any CPU.ActiveCfg = Ad-Hoc|iPhone
		{9D884B1B-AF68-43C6-9F29-AFF448B7B31F}.Ad-Hoc|ARM.ActiveCfg = Ad-Hoc|iPhone
		{9D884B1B-AF68-43C6-9F29-AFF448B7B31F}.Ad-Hoc|iPhone.ActiveCfg = Ad-Hoc|iPhone
		{9D884B1B-AF68-43C6-9F29-AFF448B7B31F}.Ad-Hoc|iPhone.Build.0 = Ad-Hoc|iPhone
		{9D884B1B-AF68-43C6-9F29-AFF448B7B31F}.Ad-Hoc|iPhoneSimulator.ActiveCfg = Ad-Hoc|iPhoneSimulator
		{9D884B1B-AF68-43C6-9F29-AFF448B7B31F}.Ad-Hoc|iPhoneSimulator.Build.0 = Ad-Hoc|iPhoneSimulator
		{9D884B1B-AF68-43C6-9F29-AFF448B7B31F}.Ad-Hoc|x64.ActiveCfg = Ad-Hoc|iPhone
		{9D884B1B-AF68-43C6-9F29-AFF448B7B31F}.Ad-Hoc|x86.ActiveCfg = Ad-Hoc|iPhone
		{9D884B1B-AF68-43C6-9F29-AFF448B7B31F}.AppStore|Any CPU.ActiveCfg = AppStore|iPhone
		{9D884B1B-AF68-43C6-9F29-AFF448B7B31F}.AppStore|ARM.ActiveCfg = AppStore|iPhone
		{9D884B1B-AF68-43C6-9F29-AFF448B7B31F}.AppStore|iPhone.ActiveCfg = AppStore|iPhone
		{9D884B1B-AF68-43C6-9F29-AFF448B7B31F}.AppStore|iPhone.Build.0 = AppStore|iPhone
		{9D884B1B-AF68-43C6-9F29-AFF448B7B31F}.AppStore|iPhoneSimulator.ActiveCfg = AppStore|iPhoneSimulator
		{9D884B1B-AF68-43C6-9F29-AFF448B7B31F}.AppStore|iPhoneSimulator.Build.0 = AppStore|iPhoneSimulator
		{9D884B1B-AF68-43C6-9F29-AFF448B7B31F}.AppStore|x64.ActiveCfg = AppStore|iPhone
		{9D884B1B-AF68-43C6-9F29-AFF448B7B31F}.AppStore|x86.ActiveCfg = AppStore|iPhone
		{9D884B1B-AF68-43C6-9F29-AFF448B7B31F}.Debug|Any CPU.ActiveCfg = Debug|iPhone
		{9D884B1B-AF68-43C6-9F29-AFF448B7B31F}.Debug|ARM.ActiveCfg = Debug|iPhone
		{9D884B1B-AF68-43C6-9F29-AFF448B7B31F}.Debug|iPhone.ActiveCfg = Debug|iPhone
		{9D884B1B-AF68-43C6-9F29-AFF448B7B31F}.Debug|iPhone.Build.0 = Debug|iPhone
		{9D884B1B-AF68-43C6-9F29-AFF448B7B31F}.Debug|iPhoneSimulator.ActiveCfg = Debug|iPhoneSimulator
		{9D884B1B-AF68-43C6-9F29-AFF448B7B31F}.Debug|iPhoneSimulator.Build.0 = Debug|iPhoneSimulator
		{9D884B1B-AF68-43C6-9F29-AFF448B7B31F}.Debug|x64.ActiveCfg = Debug|iPhone
		{9D884B1B-AF68-43C6-9F29-AFF448B7B31F}.Debug|x86.ActiveCfg = Debug|iPhone
		{9D884B1B-AF68-43C6-9F29-AFF448B7B31F}.Release|Any CPU.ActiveCfg = Release|iPhone
		{9D884B1B-AF68-43C6-9F29-AFF448B7B31F}.Release|ARM.ActiveCfg = Release|iPhone
		{9D884B1B-AF68-43C6-9F29-AFF448B7B31F}.Release|iPhone.ActiveCfg = Release|iPhone
		{9D884B1B-AF68-43C6-9F29-AFF448B7B31F}.Release|iPhone.Build.0 = Release|iPhone
		{9D884B1B-AF68-43C6-9F29-AFF448B7B31F}.Release|iPhoneSimulator.ActiveCfg = Release|iPhoneSimulator
		{9D884B1B-AF68-43C6-9F29-AFF448B7B31F}.Release|iPhoneSimulator.Build.0 = Release|iPhoneSimulator
		{9D884B1B-AF68-43C6-9F29-AFF448B7B31F}.Release|x64.ActiveCfg = Release|iPhone
		{9D884B1B-AF68-43C6-9F29-AFF448B7B31F}.Release|x86.ActiveCfg = Release|iPhone
	EndGlobalSection
	GlobalSection(SolutionProperties) = preSolution
		HideSolutionNode = FALSE
	EndGlobalSection
EndGlobal
